// !$*UTF8*$!
{
	archiveVersion = 1;
	classes = {
	};
	objectVersion = 48;
	objects = {

/* Begin PBXBuildFile section */
		D683655B1FB6E39B00077A48 /* AppDelegate.swift in Sources */ = {isa = PBXBuildFile; fileRef = D683655A1FB6E39B00077A48 /* AppDelegate.swift */; };
		D683655D1FB6E39B00077A48 /* ViewController.swift in Sources */ = {isa = PBXBuildFile; fileRef = D683655C1FB6E39B00077A48 /* ViewController.swift */; };
		D68365601FB6E39B00077A48 /* Main.storyboard in Resources */ = {isa = PBXBuildFile; fileRef = D683655E1FB6E39B00077A48 /* Main.storyboard */; };
		D68365621FB6E39B00077A48 /* Assets.xcassets in Resources */ = {isa = PBXBuildFile; fileRef = D68365611FB6E39B00077A48 /* Assets.xcassets */; };
		D68365651FB6E39B00077A48 /* LaunchScreen.storyboard in Resources */ = {isa = PBXBuildFile; fileRef = D68365631FB6E39B00077A48 /* LaunchScreen.storyboard */; };
		D683656D1FB6E41200077A48 /* GoogleService-Info.plist in Resources */ = {isa = PBXBuildFile; fileRef = D683656C1FB6E41200077A48 /* GoogleService-Info.plist */; };
		F2349F71F744913183BD314C /* Pods_pushMyNotifs.framework in Frameworks */ = {isa = PBXBuildFile; fileRef = 8F8EC49A5CA9587094A272F6 /* Pods_pushMyNotifs.framework */; };
/* End PBXBuildFile section */

/* Begin PBXFileReference section */
		0A7C7F91FF4BD7105B308A07 /* Pods-pushMyNotifs.release.xcconfig */ = {isa = PBXFileReference; includeInIndex = 1; lastKnownFileType = text.xcconfig; name = "Pods-pushMyNotifs.release.xcconfig"; path = "Pods/Target Support Files/Pods-pushMyNotifs/Pods-pushMyNotifs.release.xcconfig"; sourceTree = "<group>"; };
		8F8EC49A5CA9587094A272F6 /* Pods_pushMyNotifs.framework */ = {isa = PBXFileReference; explicitFileType = wrapper.framework; includeInIndex = 0; path = Pods_pushMyNotifs.framework; sourceTree = BUILT_PRODUCTS_DIR; };
		D05E689728063DF53C2B4963 /* Pods-pushMyNotifs.debug.xcconfig */ = {isa = PBXFileReference; includeInIndex = 1; lastKnownFileType = text.xcconfig; name = "Pods-pushMyNotifs.debug.xcconfig"; path = "Pods/Target Support Files/Pods-pushMyNotifs/Pods-pushMyNotifs.debug.xcconfig"; sourceTree = "<group>"; };
		D68365571FB6E39B00077A48 /* pushMyNotifs.app */ = {isa = PBXFileReference; explicitFileType = wrapper.application; includeInIndex = 0; path = pushMyNotifs.app; sourceTree = BUILT_PRODUCTS_DIR; };
		D683655A1FB6E39B00077A48 /* AppDelegate.swift */ = {isa = PBXFileReference; lastKnownFileType = sourcecode.swift; path = AppDelegate.swift; sourceTree = "<group>"; };
		D683655C1FB6E39B00077A48 /* ViewController.swift */ = {isa = PBXFileReference; lastKnownFileType = sourcecode.swift; path = ViewController.swift; sourceTree = "<group>"; };
		D683655F1FB6E39B00077A48 /* Base */ = {isa = PBXFileReference; lastKnownFileType = file.storyboard; name = Base; path = Base.lproj/Main.storyboard; sourceTree = "<group>"; };
		D68365611FB6E39B00077A48 /* Assets.xcassets */ = {isa = PBXFileReference; lastKnownFileType = folder.assetcatalog; path = Assets.xcassets; sourceTree = "<group>"; };
		D68365641FB6E39B00077A48 /* Base */ = {isa = PBXFileReference; lastKnownFileType = file.storyboard; name = Base; path = Base.lproj/LaunchScreen.storyboard; sourceTree = "<group>"; };
		D68365661FB6E39B00077A48 /* Info.plist */ = {isa = PBXFileReference; lastKnownFileType = text.plist.xml; path = Info.plist; sourceTree = "<group>"; };
		D683656C1FB6E41200077A48 /* GoogleService-Info.plist */ = {isa = PBXFileReference; fileEncoding = 4; lastKnownFileType = text.plist.xml; path = "GoogleService-Info.plist"; sourceTree = "<group>"; };
		D6FDEE4A1FBB4B880025CE3E /* pushMyNotifs.entitlements */ = {isa = PBXFileReference; lastKnownFileType = text.plist.entitlements; path = pushMyNotifs.entitlements; sourceTree = "<group>"; };
/* End PBXFileReference section */

/* Begin PBXFrameworksBuildPhase section */
		D68365541FB6E39B00077A48 /* Frameworks */ = {
			isa = PBXFrameworksBuildPhase;
			buildActionMask = 2147483647;
			files = (
				F2349F71F744913183BD314C /* Pods_pushMyNotifs.framework in Frameworks */,
			);
			runOnlyForDeploymentPostprocessing = 0;
		};
/* End PBXFrameworksBuildPhase section */

/* Begin PBXGroup section */
		2F170D658C228AF8F14D5D5E /* Pods */ = {
			isa = PBXGroup;
			children = (
				D05E689728063DF53C2B4963 /* Pods-pushMyNotifs.debug.xcconfig */,
				0A7C7F91FF4BD7105B308A07 /* Pods-pushMyNotifs.release.xcconfig */,
			);
			name = Pods;
			sourceTree = "<group>";
		};
		B3EB2A13B6D4D8EEBACBB0A9 /* Frameworks */ = {
			isa = PBXGroup;
			children = (
				8F8EC49A5CA9587094A272F6 /* Pods_pushMyNotifs.framework */,
			);
			name = Frameworks;
			sourceTree = "<group>";
		};
		D683654E1FB6E39B00077A48 = {
			isa = PBXGroup;
			children = (
				D68365591FB6E39B00077A48 /* pushMyNotifs */,
				D68365581FB6E39B00077A48 /* Products */,
				2F170D658C228AF8F14D5D5E /* Pods */,
				B3EB2A13B6D4D8EEBACBB0A9 /* Frameworks */,
			);
			sourceTree = "<group>";
		};
		D68365581FB6E39B00077A48 /* Products */ = {
			isa = PBXGroup;
			children = (
				D68365571FB6E39B00077A48 /* pushMyNotifs.app */,
			);
			name = Products;
			sourceTree = "<group>";
		};
		D68365591FB6E39B00077A48 /* pushMyNotifs */ = {
			isa = PBXGroup;
			children = (
				D6FDEE4A1FBB4B880025CE3E /* pushMyNotifs.entitlements */,
				D683656C1FB6E41200077A48 /* GoogleService-Info.plist */,
				D683655A1FB6E39B00077A48 /* AppDelegate.swift */,
				D683655C1FB6E39B00077A48 /* ViewController.swift */,
				D683655E1FB6E39B00077A48 /* Main.storyboard */,
				D68365611FB6E39B00077A48 /* Assets.xcassets */,
				D68365631FB6E39B00077A48 /* LaunchScreen.storyboard */,
				D68365661FB6E39B00077A48 /* Info.plist */,
			);
			path = pushMyNotifs;
			sourceTree = "<group>";
		};
/* End PBXGroup section */

/* Begin PBXNativeTarget section */
		D68365561FB6E39B00077A48 /* pushMyNotifs */ = {
			isa = PBXNativeTarget;
			buildConfigurationList = D68365691FB6E39B00077A48 /* Build configuration list for PBXNativeTarget "pushMyNotifs" */;
			buildPhases = (
				F5A984D8544D45F93242EE98 /* [CP] Check Pods Manifest.lock */,
				D68365531FB6E39B00077A48 /* Sources */,
				D68365541FB6E39B00077A48 /* Frameworks */,
				D68365551FB6E39B00077A48 /* Resources */,
				57AD76CBBABD294CDF82C7FF /* [CP] Embed Pods Frameworks */,
				0A4DBB6DC2132753AB40DDAA /* [CP] Copy Pods Resources */,
			);
			buildRules = (
			);
			dependencies = (
			);
			name = pushMyNotifs;
			productName = pushMyNotifs;
			productReference = D68365571FB6E39B00077A48 /* pushMyNotifs.app */;
			productType = "com.apple.product-type.application";
		};
/* End PBXNativeTarget section */

/* Begin PBXProject section */
		D683654F1FB6E39B00077A48 /* Project object */ = {
			isa = PBXProject;
			attributes = {
				LastSwiftUpdateCheck = 0910;
				LastUpgradeCheck = 0910;
				ORGANIZATIONNAME = "Sabrina Fletcher";
				TargetAttributes = {
					D68365561FB6E39B00077A48 = {
						CreatedOnToolsVersion = 9.1;
						ProvisioningStyle = Automatic;
						SystemCapabilities = {
							com.apple.BackgroundModes = {
								enabled = 1;
							};
							com.apple.Push = {
								enabled = 1;
							};
						};
					};
				};
			};
			buildConfigurationList = D68365521FB6E39B00077A48 /* Build configuration list for PBXProject "pushMyNotifs" */;
			compatibilityVersion = "Xcode 8.0";
			developmentRegion = en;
			hasScannedForEncodings = 0;
			knownRegions = (
				en,
				Base,
			);
			mainGroup = D683654E1FB6E39B00077A48;
			productRefGroup = D68365581FB6E39B00077A48 /* Products */;
			projectDirPath = "";
			projectRoot = "";
			targets = (
				D68365561FB6E39B00077A48 /* pushMyNotifs */,
			);
		};
/* End PBXProject section */

/* Begin PBXResourcesBuildPhase section */
		D68365551FB6E39B00077A48 /* Resources */ = {
			isa = PBXResourcesBuildPhase;
			buildActionMask = 2147483647;
			files = (
				D68365651FB6E39B00077A48 /* LaunchScreen.storyboard in Resources */,
				D683656D1FB6E41200077A48 /* GoogleService-Info.plist in Resources */,
				D68365621FB6E39B00077A48 /* Assets.xcassets in Resources */,
				D68365601FB6E39B00077A48 /* Main.storyboard in Resources */,
			);
			runOnlyForDeploymentPostprocessing = 0;
		};
/* End PBXResourcesBuildPhase section */

/* Begin PBXShellScriptBuildPhase section */
		0A4DBB6DC2132753AB40DDAA /* [CP] Copy Pods Resources */ = {
			isa = PBXShellScriptBuildPhase;
			buildActionMask = 2147483647;
			files = (
			);
			inputPaths = (
			);
			name = "[CP] Copy Pods Resources";
			outputPaths = (
			);
			runOnlyForDeploymentPostprocessing = 0;
			shellPath = /bin/sh;
			shellScript = "\"${SRCROOT}/Pods/Target Support Files/Pods-pushMyNotifs/Pods-pushMyNotifs-resources.sh\"\n";
			showEnvVarsInLog = 0;
		};
		57AD76CBBABD294CDF82C7FF /* [CP] Embed Pods Frameworks */ = {
			isa = PBXShellScriptBuildPhase;
			buildActionMask = 2147483647;
			files = (
			);
			inputPaths = (
				"${SRCROOT}/Pods/Target Support Files/Pods-pushMyNotifs/Pods-pushMyNotifs-frameworks.sh",
				"${BUILT_PRODUCTS_DIR}/GoogleToolboxForMac/GoogleToolboxForMac.framework",
				"${BUILT_PRODUCTS_DIR}/Protobuf/Protobuf.framework",
				"${BUILT_PRODUCTS_DIR}/nanopb/nanopb.framework",
			);
			name = "[CP] Embed Pods Frameworks";
			outputPaths = (
				"${TARGET_BUILD_DIR}/${FRAMEWORKS_FOLDER_PATH}/GoogleToolboxForMac.framework",
				"${TARGET_BUILD_DIR}/${FRAMEWORKS_FOLDER_PATH}/Protobuf.framework",
				"${TARGET_BUILD_DIR}/${FRAMEWORKS_FOLDER_PATH}/nanopb.framework",
			);
			runOnlyForDeploymentPostprocessing = 0;
			shellPath = /bin/sh;
			shellScript = "\"${SRCROOT}/Pods/Target Support Files/Pods-pushMyNotifs/Pods-pushMyNotifs-frameworks.sh\"\n";
			showEnvVarsInLog = 0;
		};
		F5A984D8544D45F93242EE98 /* [CP] Check Pods Manifest.lock */ = {
			isa = PBXShellScriptBuildPhase;
			buildActionMask = 2147483647;
			files = (
			);
			inputPaths = (
				"${PODS_PODFILE_DIR_PATH}/Podfile.lock",
				"${PODS_ROOT}/Manifest.lock",
			);
			name = "[CP] Check Pods Manifest.lock";
			outputPaths = (
				"$(DERIVED_FILE_DIR)/Pods-pushMyNotifs-checkManifestLockResult.txt",
			);
			runOnlyForDeploymentPostprocessing = 0;
			shellPath = /bin/sh;
			shellScript = "diff \"${PODS_PODFILE_DIR_PATH}/Podfile.lock\" \"${PODS_ROOT}/Manifest.lock\" > /dev/null\nif [ $? != 0 ] ; then\n    # print error to STDERR\n    echo \"error: The sandbox is not in sync with the Podfile.lock. Run 'pod install' or update your CocoaPods installation.\" >&2\n    exit 1\nfi\n# This output is used by Xcode 'outputs' to avoid re-running this script phase.\necho \"SUCCESS\" > \"${SCRIPT_OUTPUT_FILE_0}\"\n";
			showEnvVarsInLog = 0;
		};
/* End PBXShellScriptBuildPhase section */

/* Begin PBXSourcesBuildPhase section */
		D68365531FB6E39B00077A48 /* Sources */ = {
			isa = PBXSourcesBuildPhase;
			buildActionMask = 2147483647;
			files = (
				D683655D1FB6E39B00077A48 /* ViewController.swift in Sources */,
				D683655B1FB6E39B00077A48 /* AppDelegate.swift in Sources */,
			);
			runOnlyForDeploymentPostprocessing = 0;
		};
/* End PBXSourcesBuildPhase section */

/* Begin PBXVariantGroup section */
		D683655E1FB6E39B00077A48 /* Main.storyboard */ = {
			isa = PBXVariantGroup;
			children = (
				D683655F1FB6E39B00077A48 /* Base */,
			);
			name = Main.storyboard;
			sourceTree = "<group>";
		};
		D68365631FB6E39B00077A48 /* LaunchScreen.storyboard */ = {
			isa = PBXVariantGroup;
			children = (
				D68365641FB6E39B00077A48 /* Base */,
			);
			name = LaunchScreen.storyboard;
			sourceTree = "<group>";
		};
/* End PBXVariantGroup section */

/* Begin XCBuildConfiguration section */
		D68365671FB6E39B00077A48 /* Debug */ = {
			isa = XCBuildConfiguration;
			buildSettings = {
				ALWAYS_SEARCH_USER_PATHS = NO;
				CLANG_ANALYZER_NONNULL = YES;
				CLANG_ANALYZER_NUMBER_OBJECT_CONVERSION = YES_AGGRESSIVE;
				CLANG_CXX_LANGUAGE_STANDARD = "gnu++14";
				CLANG_CXX_LIBRARY = "libc++";
				CLANG_ENABLE_MODULES = YES;
				CLANG_ENABLE_OBJC_ARC = YES;
				CLANG_WARN_BLOCK_CAPTURE_AUTORELEASING = YES;
				CLANG_WARN_BOOL_CONVERSION = YES;
				CLANG_WARN_COMMA = YES;
				CLANG_WARN_CONSTANT_CONVERSION = YES;
				CLANG_WARN_DIRECT_OBJC_ISA_USAGE = YES_ERROR;
				CLANG_WARN_DOCUMENTATION_COMMENTS = YES;
				CLANG_WARN_EMPTY_BODY = YES;
				CLANG_WARN_ENUM_CONVERSION = YES;
				CLANG_WARN_INFINITE_RECURSION = YES;
				CLANG_WARN_INT_CONVERSION = YES;
				CLANG_WARN_NON_LITERAL_NULL_CONVERSION = YES;
				CLANG_WARN_OBJC_LITERAL_CONVERSION = YES;
				CLANG_WARN_OBJC_ROOT_CLASS = YES_ERROR;
				CLANG_WARN_RANGE_LOOP_ANALYSIS = YES;
				CLANG_WARN_STRICT_PROTOTYPES = YES;
				CLANG_WARN_SUSPICIOUS_MOVE = YES;
				CLANG_WARN_UNGUARDED_AVAILABILITY = YES_AGGRESSIVE;
				CLANG_WARN_UNREACHABLE_CODE = YES;
				CLANG_WARN__DUPLICATE_METHOD_MATCH = YES;
				CODE_SIGN_IDENTITY = "iPhone Developer";
				COPY_PHASE_STRIP = NO;
				DEBUG_INFORMATION_FORMAT = dwarf;
				ENABLE_STRICT_OBJC_MSGSEND = YES;
				ENABLE_TESTABILITY = YES;
				GCC_C_LANGUAGE_STANDARD = gnu11;
				GCC_DYNAMIC_NO_PIC = NO;
				GCC_NO_COMMON_BLOCKS = YES;
				GCC_OPTIMIZATION_LEVEL = 0;
				GCC_PREPROCESSOR_DEFINITIONS = (
					"DEBUG=1",
					"$(inherited)",
				);
				GCC_WARN_64_TO_32_BIT_CONVERSION = YES;
				GCC_WARN_ABOUT_RETURN_TYPE = YES_ERROR;
				GCC_WARN_UNDECLARED_SELECTOR = YES;
				GCC_WARN_UNINITIALIZED_AUTOS = YES_AGGRESSIVE;
				GCC_WARN_UNUSED_FUNCTION = YES;
				GCC_WARN_UNUSED_VARIABLE = YES;
				IPHONEOS_DEPLOYMENT_TARGET = 11.1;
				MTL_ENABLE_DEBUG_INFO = YES;
				ONLY_ACTIVE_ARCH = YES;
				OTHER_LDFLAGS = (
					"$(OTHER_LDFLAGS)",
					"-ObjC",
				);
				SDKROOT = iphoneos;
				SWIFT_ACTIVE_COMPILATION_CONDITIONS = DEBUG;
				SWIFT_OPTIMIZATION_LEVEL = "-Onone";
			};
			name = Debug;
		};
		D68365681FB6E39B00077A48 /* Release */ = {
			isa = XCBuildConfiguration;
			buildSettings = {
				ALWAYS_SEARCH_USER_PATHS = NO;
				CLANG_ANALYZER_NONNULL = YES;
				CLANG_ANALYZER_NUMBER_OBJECT_CONVERSION = YES_AGGRESSIVE;
				CLANG_CXX_LANGUAGE_STANDARD = "gnu++14";
				CLANG_CXX_LIBRARY = "libc++";
				CLANG_ENABLE_MODULES = YES;
				CLANG_ENABLE_OBJC_ARC = YES;
				CLANG_WARN_BLOCK_CAPTURE_AUTORELEASING = YES;
				CLANG_WARN_BOOL_CONVERSION = YES;
				CLANG_WARN_COMMA = YES;
				CLANG_WARN_CONSTANT_CONVERSION = YES;
				CLANG_WARN_DIRECT_OBJC_ISA_USAGE = YES_ERROR;
				CLANG_WARN_DOCUMENTATION_COMMENTS = YES;
				CLANG_WARN_EMPTY_BODY = YES;
				CLANG_WARN_ENUM_CONVERSION = YES;
				CLANG_WARN_INFINITE_RECURSION = YES;
				CLANG_WARN_INT_CONVERSION = YES;
				CLANG_WARN_NON_LITERAL_NULL_CONVERSION = YES;
				CLANG_WARN_OBJC_LITERAL_CONVERSION = YES;
				CLANG_WARN_OBJC_ROOT_CLASS = YES_ERROR;
				CLANG_WARN_RANGE_LOOP_ANALYSIS = YES;
				CLANG_WARN_STRICT_PROTOTYPES = YES;
				CLANG_WARN_SUSPICIOUS_MOVE = YES;
				CLANG_WARN_UNGUARDED_AVAILABILITY = YES_AGGRESSIVE;
				CLANG_WARN_UNREACHABLE_CODE = YES;
				CLANG_WARN__DUPLICATE_METHOD_MATCH = YES;
				CODE_SIGN_IDENTITY = "iPhone Developer";
				COPY_PHASE_STRIP = NO;
				DEBUG_INFORMATION_FORMAT = "dwarf-with-dsym";
				ENABLE_NS_ASSERTIONS = NO;
				ENABLE_STRICT_OBJC_MSGSEND = YES;
				GCC_C_LANGUAGE_STANDARD = gnu11;
				GCC_NO_COMMON_BLOCKS = YES;
				GCC_WARN_64_TO_32_BIT_CONVERSION = YES;
				GCC_WARN_ABOUT_RETURN_TYPE = YES_ERROR;
				GCC_WARN_UNDECLARED_SELECTOR = YES;
				GCC_WARN_UNINITIALIZED_AUTOS = YES_AGGRESSIVE;
				GCC_WARN_UNUSED_FUNCTION = YES;
				GCC_WARN_UNUSED_VARIABLE = YES;
				IPHONEOS_DEPLOYMENT_TARGET = 11.1;
				MTL_ENABLE_DEBUG_INFO = NO;
				OTHER_LDFLAGS = (
					"$(OTHER_LDFLAGS)",
					"-ObjC",
				);
				SDKROOT = iphoneos;
				SWIFT_OPTIMIZATION_LEVEL = "-Owholemodule";
				VALIDATE_PRODUCT = YES;
			};
			name = Release;
		};
		D683656A1FB6E39B00077A48 /* Debug */ = {
			isa = XCBuildConfiguration;
			baseConfigurationReference = D05E689728063DF53C2B4963 /* Pods-pushMyNotifs.debug.xcconfig */;
			buildSettings = {
				ASSETCATALOG_COMPILER_APPICON_NAME = AppIcon;
				CODE_SIGN_ENTITLEMENTS = pushMyNotifs/pushMyNotifs.entitlements;
				CODE_SIGN_STYLE = Automatic;
				DEVELOPMENT_TEAM = FUWHW8446R;
				INFOPLIST_FILE = pushMyNotifs/Info.plist;
				IPHONEOS_DEPLOYMENT_TARGET = 11.0;
				LD_RUNPATH_SEARCH_PATHS = "$(inherited) @executable_path/Frameworks";
				PRODUCT_BUNDLE_IDENTIFIER = SabrinaFletcher.pushMyNotifs;
				PRODUCT_NAME = "$(TARGET_NAME)";
				SWIFT_VERSION = 4.0;
				TARGETED_DEVICE_FAMILY = "1,2";
			};
			name = Debug;
		};
		D683656B1FB6E39B00077A48 /* Release */ = {
			isa = XCBuildConfiguration;
			baseConfigurationReference = 0A7C7F91FF4BD7105B308A07 /* Pods-pushMyNotifs.release.xcconfig */;
			buildSettings = {
				ASSETCATALOG_COMPILER_APPICON_NAME = AppIcon;
				CODE_SIGN_ENTITLEMENTS = pushMyNotifs/pushMyNotifs.entitlements;
				CODE_SIGN_STYLE = Automatic;
				DEVELOPMENT_TEAM = FUWHW8446R;
				INFOPLIST_FILE = pushMyNotifs/Info.plist;
				IPHONEOS_DEPLOYMENT_TARGET = 11.0;
				LD_RUNPATH_SEARCH_PATHS = "$(inherited) @executable_path/Frameworks";
				PRODUCT_BUNDLE_IDENTIFIER = SabrinaFletcher.pushMyNotifs;
				PRODUCT_NAME = "$(TARGET_NAME)";
				SWIFT_VERSION = 4.0;
				TARGETED_DEVICE_FAMILY = "1,2";
			};
			name = Release;
		};
/* End XCBuildConfiguration section */

/* Begin XCConfigurationList section */
		D68365521FB6E39B00077A48 /* Build configuration list for PBXProject "pushMyNotifs" */ = {
			isa = XCConfigurationList;
			buildConfigurations = (
				D68365671FB6E39B00077A48 /* Debug */,
				D68365681FB6E39B00077A48 /* Release */,
			);
			defaultConfigurationIsVisible = 0;
			defaultConfigurationName = Release;
		};
		D68365691FB6E39B00077A48 /* Build configuration list for PBXNativeTarget "pushMyNotifs" */ = {
			isa = XCConfigurationList;
			buildConfigurations = (
				D683656A1FB6E39B00077A48 /* Debug */,
				D683656B1FB6E39B00077A48 /* Release */,
			);
			defaultConfigurationIsVisible = 0;
			defaultConfigurationName = Release;
		};
/* End XCConfigurationList section */
	};
	rootObject = D683654F1FB6E39B00077A48 /* Project object */;
}
